# This file is automatically @generated by Cargo.
# It is not intended for manual editing.
version = 4

[[package]]
name = "aes-128"
version = "0.1.0"
source = "git+https://github.com/schemehcs/aes-128.git#c33e85935856f10c7378104c2b3a5a166b8e12bb"

[[package]]
name = "aes-128-gcm"
version = "0.1.0"
dependencies = [
 "aes-128",
 "hex",
]

[[package]]
name = "hex"
version = "0.4.3"
source = "registry+https://github.com/rust-lang/crates.io-index"
checksum = "7f24254aa9a54b5c858eaee2f5bccdb46aaf0e486a595ed5fd8f86ba55232a70"
